// !$*UTF8*$!
{
	archiveVersion = 1;
	classes = {
	};
	objectVersion = 46;
	objects = {

/* Begin PBXBuildFile section */
		3C2A4AA31ECCE232007D279D /* DetalladaAcercaViewController.swift in Sources */ = {isa = PBXBuildFile; fileRef = 3C2A4AA21ECCE232007D279D /* DetalladaAcercaViewController.swift */; };
		3C2A4AB21ECCE8AC007D279D /* VDRatingTableViewCell.swift in Sources */ = {isa = PBXBuildFile; fileRef = 3C2A4AA71ECCE8AC007D279D /* VDRatingTableViewCell.swift */; };
		3C2A4AB31ECCE8AC007D279D /* VDCheckInTableViewCell.swift in Sources */ = {isa = PBXBuildFile; fileRef = 3C2A4AA81ECCE8AC007D279D /* VDCheckInTableViewCell.swift */; };
		3C2A4AB41ECCE8AC007D279D /* VDDescripcionTableViewCell.swift in Sources */ = {isa = PBXBuildFile; fileRef = 3C2A4AA91ECCE8AC007D279D /* VDDescripcionTableViewCell.swift */; };
		3C2A4AB51ECCE8AC007D279D /* VDTelefonoTableViewCell.swift in Sources */ = {isa = PBXBuildFile; fileRef = 3C2A4AAA1ECCE8AC007D279D /* VDTelefonoTableViewCell.swift */; };
		3C2A4AB61ECCE8AC007D279D /* VDHoraTableViewCell.swift in Sources */ = {isa = PBXBuildFile; fileRef = 3C2A4AAB1ECCE8AC007D279D /* VDHoraTableViewCell.swift */; };
		3C2A4AB71ECCE8AC007D279D /* VDBotonesTableViewCell.swift in Sources */ = {isa = PBXBuildFile; fileRef = 3C2A4AAC1ECCE8AC007D279D /* VDBotonesTableViewCell.swift */; };
		3C2A4AB91ECCE8AC007D279D /* VDMapaTableViewCell.swift in Sources */ = {isa = PBXBuildFile; fileRef = 3C2A4AAE1ECCE8AC007D279D /* VDMapaTableViewCell.swift */; };
		3C2A4ABA1ECCE8AC007D279D /* VDRedesTableViewCell.swift in Sources */ = {isa = PBXBuildFile; fileRef = 3C2A4AAF1ECCE8AC007D279D /* VDRedesTableViewCell.swift */; };
		3C32B8141EC4CB5800AE78E0 /* Url.swift in Sources */ = {isa = PBXBuildFile; fileRef = 3C32B8131EC4CB5800AE78E0 /* Url.swift */; };
		3C32B8161EC4CDD300AE78E0 /* Token.swift in Sources */ = {isa = PBXBuildFile; fileRef = 3C32B8151EC4CDD300AE78E0 /* Token.swift */; };
		3C32B8181EC4D3D300AE78E0 /* Headers.swift in Sources */ = {isa = PBXBuildFile; fileRef = 3C32B8171EC4D3D300AE78E0 /* Headers.swift */; };
		3C32B81B1EC4D79900AE78E0 /* Params.swift in Sources */ = {isa = PBXBuildFile; fileRef = 3C32B81A1EC4D79900AE78E0 /* Params.swift */; };
		3C32B81D1EC4DA8C00AE78E0 /* Encoding.swift in Sources */ = {isa = PBXBuildFile; fileRef = 3C32B81C1EC4DA8C00AE78E0 /* Encoding.swift */; };
		3C32B8421EC50AF200AE78E0 /* Reachability.swift in Sources */ = {isa = PBXBuildFile; fileRef = 3C32B8411EC50AF200AE78E0 /* Reachability.swift */; };
		3C32B8471EC5296F00AE78E0 /* DownloadImage.swift in Sources */ = {isa = PBXBuildFile; fileRef = 3C32B8461EC5296F00AE78E0 /* DownloadImage.swift */; };
		3C3E4D661EB824B50052D4B6 /* InicioViewController.swift in Sources */ = {isa = PBXBuildFile; fileRef = 3C3E4D651EB824B50052D4B6 /* InicioViewController.swift */; };
		3C3E4D691EB8260F0052D4B6 /* CercadetiViewController.swift in Sources */ = {isa = PBXBuildFile; fileRef = 3C3E4D681EB8260F0052D4B6 /* CercadetiViewController.swift */; };
		3C3E4D6B1EB8261C0052D4B6 /* EventosViewController.swift in Sources */ = {isa = PBXBuildFile; fileRef = 3C3E4D6A1EB8261C0052D4B6 /* EventosViewController.swift */; };
		3C3E4D6E1EB826320052D4B6 /* PromocionesViewController.swift in Sources */ = {isa = PBXBuildFile; fileRef = 3C3E4D6D1EB826320052D4B6 /* PromocionesViewController.swift */; };
		3C7D05531ECE3196005B3874 /* FloatRatingView.swift in Sources */ = {isa = PBXBuildFile; fileRef = 3C7D05521ECE3196005B3874 /* FloatRatingView.swift */; };
		3CB782771EC260B50023991E /* CercadetiCollectionViewCell.swift in Sources */ = {isa = PBXBuildFile; fileRef = 3CB782761EC260B50023991E /* CercadetiCollectionViewCell.swift */; };
		3CCA5B7D1ECEADCD00A6AE42 /* VDRedes2TableViewCell.swift in Sources */ = {isa = PBXBuildFile; fileRef = 3CCA5B7C1ECEADCD00A6AE42 /* VDRedes2TableViewCell.swift */; };
		3CCA5B7F1ECEADE400A6AE42 /* VDRedes3TableViewCell.swift in Sources */ = {isa = PBXBuildFile; fileRef = 3CCA5B7E1ECEADE400A6AE42 /* VDRedes3TableViewCell.swift */; };
		3CCA5B811ECEADF000A6AE42 /* VDRedes4TableViewCell.swift in Sources */ = {isa = PBXBuildFile; fileRef = 3CCA5B801ECEADF000A6AE42 /* VDRedes4TableViewCell.swift */; };
		3CCA5B831ECEC43100A6AE42 /* BorrarViewController.swift in Sources */ = {isa = PBXBuildFile; fileRef = 3CCA5B821ECEC43100A6AE42 /* BorrarViewController.swift */; };
		3CEDE0821ECF8BEA003C3716 /* EventosCollectionViewCell.swift in Sources */ = {isa = PBXBuildFile; fileRef = 3CEDE0811ECF8BEA003C3716 /* EventosCollectionViewCell.swift */; };
		3CEDE0841ECFA9AC003C3716 /* PromosCollectionViewCell.swift in Sources */ = {isa = PBXBuildFile; fileRef = 3CEDE0831ECFA9AC003C3716 /* PromosCollectionViewCell.swift */; };
		7D0330A11ECC68B300D46CCA /* TabBarPrincipalController.swift in Sources */ = {isa = PBXBuildFile; fileRef = 7D0330A01ECC68B300D46CCA /* TabBarPrincipalController.swift */; };
		7D0330A51ECC7B4900D46CCA /* FXBlurView.m in Sources */ = {isa = PBXBuildFile; fileRef = 7D0330A41ECC7B4900D46CCA /* FXBlurView.m */; };
		7D0330A71ECC7B5B00D46CCA /* AvatarImageView.swift in Sources */ = {isa = PBXBuildFile; fileRef = 7D0330A61ECC7B5B00D46CCA /* AvatarImageView.swift */; };
		7D0330A91ECC7B7C00D46CCA /* CustomHeaderSectionTableViewCell.swift in Sources */ = {isa = PBXBuildFile; fileRef = 7D0330A81ECC7B7C00D46CCA /* CustomHeaderSectionTableViewCell.swift */; };
		7D0330AB1ECC7B9800D46CCA /* CustomImageTableViewCell.swift in Sources */ = {isa = PBXBuildFile; fileRef = 7D0330AA1ECC7B9800D46CCA /* CustomImageTableViewCell.swift */; };
		7D1449981EA2FC0F0068C597 /* AppDelegate.swift in Sources */ = {isa = PBXBuildFile; fileRef = 7D1449971EA2FC0F0068C597 /* AppDelegate.swift */; };
		7D14499A1EA2FC0F0068C597 /* WelcomeViewController.swift in Sources */ = {isa = PBXBuildFile; fileRef = 7D1449991EA2FC0F0068C597 /* WelcomeViewController.swift */; };
		7D14499D1EA2FC0F0068C597 /* Main.storyboard in Resources */ = {isa = PBXBuildFile; fileRef = 7D14499B1EA2FC0F0068C597 /* Main.storyboard */; };
		7D1449A01EA2FC0F0068C597 /* OfferCity.xcdatamodeld in Sources */ = {isa = PBXBuildFile; fileRef = 7D14499E1EA2FC0F0068C597 /* OfferCity.xcdatamodeld */; };
		7D1449A21EA2FC0F0068C597 /* Assets.xcassets in Resources */ = {isa = PBXBuildFile; fileRef = 7D1449A11EA2FC0F0068C597 /* Assets.xcassets */; };
		7D1449A51EA2FC0F0068C597 /* LaunchScreen.storyboard in Resources */ = {isa = PBXBuildFile; fileRef = 7D1449A31EA2FC0F0068C597 /* LaunchScreen.storyboard */; };
		7D9219371EA4275B006C6976 /* GoogleService-Info.plist in Resources */ = {isa = PBXBuildFile; fileRef = 7D9219361EA4275B006C6976 /* GoogleService-Info.plist */; };
		7D92193F1EA428BC006C6976 /* MapaViewController.swift in Sources */ = {isa = PBXBuildFile; fileRef = 7D9219381EA428BC006C6976 /* MapaViewController.swift */; };
		7D9219401EA428BC006C6976 /* PerfilViewController.swift in Sources */ = {isa = PBXBuildFile; fileRef = 7D9219391EA428BC006C6976 /* PerfilViewController.swift */; };
		7D9219411EA428BC006C6976 /* Places.swift in Sources */ = {isa = PBXBuildFile; fileRef = 7D92193A1EA428BC006C6976 /* Places.swift */; };
		7D9219421EA428BC006C6976 /* PreferenciasViewController.swift in Sources */ = {isa = PBXBuildFile; fileRef = 7D92193B1EA428BC006C6976 /* PreferenciasViewController.swift */; };
		7D9219431EA428BC006C6976 /* RestConnection.swift in Sources */ = {isa = PBXBuildFile; fileRef = 7D92193C1EA428BC006C6976 /* RestConnection.swift */; };
		7D9219441EA428BC006C6976 /* RestService.swift in Sources */ = {isa = PBXBuildFile; fileRef = 7D92193D1EA428BC006C6976 /* RestService.swift */; };
		7D9219451EA428BC006C6976 /* ShortProfileResponse.swift in Sources */ = {isa = PBXBuildFile; fileRef = 7D92193E1EA428BC006C6976 /* ShortProfileResponse.swift */; };
		7DA948821ECA67C000287356 /* SettingsDAO.swift in Sources */ = {isa = PBXBuildFile; fileRef = 7DA948811ECA67C000287356 /* SettingsDAO.swift */; };
		EDC5F3814B2FBD50A1A76DB2 /* Pods_OfferCity.framework in Frameworks */ = {isa = PBXBuildFile; fileRef = 904801B63E040080B7AADE64 /* Pods_OfferCity.framework */; };
/* End PBXBuildFile section */

/* Begin PBXFileReference section */
		10C5E5E56F89F66B89BB007A /* Pods-OfferCity.release.xcconfig */ = {isa = PBXFileReference; includeInIndex = 1; lastKnownFileType = text.xcconfig; name = "Pods-OfferCity.release.xcconfig"; path = "Pods/Target Support Files/Pods-OfferCity/Pods-OfferCity.release.xcconfig"; sourceTree = "<group>"; };
		3C2A4AA21ECCE232007D279D /* DetalladaAcercaViewController.swift */ = {isa = PBXFileReference; fileEncoding = 4; lastKnownFileType = sourcecode.swift; path = DetalladaAcercaViewController.swift; sourceTree = "<group>"; };
		3C2A4AA71ECCE8AC007D279D /* VDRatingTableViewCell.swift */ = {isa = PBXFileReference; fileEncoding = 4; lastKnownFileType = sourcecode.swift; path = VDRatingTableViewCell.swift; sourceTree = "<group>"; };
		3C2A4AA81ECCE8AC007D279D /* VDCheckInTableViewCell.swift */ = {isa = PBXFileReference; fileEncoding = 4; lastKnownFileType = sourcecode.swift; path = VDCheckInTableViewCell.swift; sourceTree = "<group>"; };
		3C2A4AA91ECCE8AC007D279D /* VDDescripcionTableViewCell.swift */ = {isa = PBXFileReference; fileEncoding = 4; lastKnownFileType = sourcecode.swift; path = VDDescripcionTableViewCell.swift; sourceTree = "<group>"; };
		3C2A4AAA1ECCE8AC007D279D /* VDTelefonoTableViewCell.swift */ = {isa = PBXFileReference; fileEncoding = 4; lastKnownFileType = sourcecode.swift; path = VDTelefonoTableViewCell.swift; sourceTree = "<group>"; };
		3C2A4AAB1ECCE8AC007D279D /* VDHoraTableViewCell.swift */ = {isa = PBXFileReference; fileEncoding = 4; lastKnownFileType = sourcecode.swift; path = VDHoraTableViewCell.swift; sourceTree = "<group>"; };
		3C2A4AAC1ECCE8AC007D279D /* VDBotonesTableViewCell.swift */ = {isa = PBXFileReference; fileEncoding = 4; lastKnownFileType = sourcecode.swift; path = VDBotonesTableViewCell.swift; sourceTree = "<group>"; };
		3C2A4AAE1ECCE8AC007D279D /* VDMapaTableViewCell.swift */ = {isa = PBXFileReference; fileEncoding = 4; lastKnownFileType = sourcecode.swift; path = VDMapaTableViewCell.swift; sourceTree = "<group>"; };
		3C2A4AAF1ECCE8AC007D279D /* VDRedesTableViewCell.swift */ = {isa = PBXFileReference; fileEncoding = 4; lastKnownFileType = sourcecode.swift; path = VDRedesTableViewCell.swift; sourceTree = "<group>"; };
		3C32B8131EC4CB5800AE78E0 /* Url.swift */ = {isa = PBXFileReference; fileEncoding = 4; lastKnownFileType = sourcecode.swift; path = Url.swift; sourceTree = "<group>"; };
		3C32B8151EC4CDD300AE78E0 /* Token.swift */ = {isa = PBXFileReference; fileEncoding = 4; lastKnownFileType = sourcecode.swift; path = Token.swift; sourceTree = "<group>"; };
		3C32B8171EC4D3D300AE78E0 /* Headers.swift */ = {isa = PBXFileReference; fileEncoding = 4; lastKnownFileType = sourcecode.swift; path = Headers.swift; sourceTree = "<group>"; };
		3C32B81A1EC4D79900AE78E0 /* Params.swift */ = {isa = PBXFileReference; fileEncoding = 4; lastKnownFileType = sourcecode.swift; path = Params.swift; sourceTree = "<group>"; };
		3C32B81C1EC4DA8C00AE78E0 /* Encoding.swift */ = {isa = PBXFileReference; fileEncoding = 4; lastKnownFileType = sourcecode.swift; path = Encoding.swift; sourceTree = "<group>"; };
		3C32B8411EC50AF200AE78E0 /* Reachability.swift */ = {isa = PBXFileReference; fileEncoding = 4; lastKnownFileType = sourcecode.swift; path = Reachability.swift; sourceTree = "<group>"; };
		3C32B8461EC5296F00AE78E0 /* DownloadImage.swift */ = {isa = PBXFileReference; fileEncoding = 4; lastKnownFileType = sourcecode.swift; path = DownloadImage.swift; sourceTree = "<group>"; };
		3C3E4D651EB824B50052D4B6 /* InicioViewController.swift */ = {isa = PBXFileReference; fileEncoding = 4; lastKnownFileType = sourcecode.swift; path = InicioViewController.swift; sourceTree = "<group>"; };
		3C3E4D681EB8260F0052D4B6 /* CercadetiViewController.swift */ = {isa = PBXFileReference; fileEncoding = 4; lastKnownFileType = sourcecode.swift; path = CercadetiViewController.swift; sourceTree = "<group>"; };
		3C3E4D6A1EB8261C0052D4B6 /* EventosViewController.swift */ = {isa = PBXFileReference; fileEncoding = 4; lastKnownFileType = sourcecode.swift; path = EventosViewController.swift; sourceTree = "<group>"; };
		3C3E4D6D1EB826320052D4B6 /* PromocionesViewController.swift */ = {isa = PBXFileReference; fileEncoding = 4; lastKnownFileType = sourcecode.swift; path = PromocionesViewController.swift; sourceTree = "<group>"; };
		3C7D05521ECE3196005B3874 /* FloatRatingView.swift */ = {isa = PBXFileReference; fileEncoding = 4; lastKnownFileType = sourcecode.swift; path = FloatRatingView.swift; sourceTree = "<group>"; };
		3CB782761EC260B50023991E /* CercadetiCollectionViewCell.swift */ = {isa = PBXFileReference; fileEncoding = 4; lastKnownFileType = sourcecode.swift; path = CercadetiCollectionViewCell.swift; sourceTree = "<group>"; };
		3CCA5B7C1ECEADCD00A6AE42 /* VDRedes2TableViewCell.swift */ = {isa = PBXFileReference; fileEncoding = 4; lastKnownFileType = sourcecode.swift; path = VDRedes2TableViewCell.swift; sourceTree = "<group>"; };
		3CCA5B7E1ECEADE400A6AE42 /* VDRedes3TableViewCell.swift */ = {isa = PBXFileReference; fileEncoding = 4; lastKnownFileType = sourcecode.swift; path = VDRedes3TableViewCell.swift; sourceTree = "<group>"; };
		3CCA5B801ECEADF000A6AE42 /* VDRedes4TableViewCell.swift */ = {isa = PBXFileReference; fileEncoding = 4; lastKnownFileType = sourcecode.swift; path = VDRedes4TableViewCell.swift; sourceTree = "<group>"; };
		3CCA5B821ECEC43100A6AE42 /* BorrarViewController.swift */ = {isa = PBXFileReference; fileEncoding = 4; lastKnownFileType = sourcecode.swift; path = BorrarViewController.swift; sourceTree = "<group>"; };
		3CEDE0811ECF8BEA003C3716 /* EventosCollectionViewCell.swift */ = {isa = PBXFileReference; fileEncoding = 4; lastKnownFileType = sourcecode.swift; path = EventosCollectionViewCell.swift; sourceTree = "<group>"; };
		3CEDE0831ECFA9AC003C3716 /* PromosCollectionViewCell.swift */ = {isa = PBXFileReference; fileEncoding = 4; lastKnownFileType = sourcecode.swift; path = PromosCollectionViewCell.swift; sourceTree = "<group>"; };
		7D0330A01ECC68B300D46CCA /* TabBarPrincipalController.swift */ = {isa = PBXFileReference; fileEncoding = 4; lastKnownFileType = sourcecode.swift; path = TabBarPrincipalController.swift; sourceTree = "<group>"; };
		7D0330A21ECC7B4800D46CCA /* OfferCity-Bridging-Header.h */ = {isa = PBXFileReference; lastKnownFileType = sourcecode.c.h; path = "OfferCity-Bridging-Header.h"; sourceTree = "<group>"; };
		7D0330A31ECC7B4900D46CCA /* FXBlurView.h */ = {isa = PBXFileReference; fileEncoding = 4; lastKnownFileType = sourcecode.c.h; path = FXBlurView.h; sourceTree = "<group>"; };
		7D0330A41ECC7B4900D46CCA /* FXBlurView.m */ = {isa = PBXFileReference; fileEncoding = 4; lastKnownFileType = sourcecode.c.objc; path = FXBlurView.m; sourceTree = "<group>"; };
		7D0330A61ECC7B5B00D46CCA /* AvatarImageView.swift */ = {isa = PBXFileReference; fileEncoding = 4; lastKnownFileType = sourcecode.swift; path = AvatarImageView.swift; sourceTree = "<group>"; };
		7D0330A81ECC7B7C00D46CCA /* CustomHeaderSectionTableViewCell.swift */ = {isa = PBXFileReference; fileEncoding = 4; lastKnownFileType = sourcecode.swift; path = CustomHeaderSectionTableViewCell.swift; sourceTree = "<group>"; };
		7D0330AA1ECC7B9800D46CCA /* CustomImageTableViewCell.swift */ = {isa = PBXFileReference; fileEncoding = 4; lastKnownFileType = sourcecode.swift; path = CustomImageTableViewCell.swift; sourceTree = "<group>"; };
		7D1449941EA2FC0F0068C597 /* OfferCity.app */ = {isa = PBXFileReference; explicitFileType = wrapper.application; includeInIndex = 0; path = OfferCity.app; sourceTree = BUILT_PRODUCTS_DIR; };
		7D1449971EA2FC0F0068C597 /* AppDelegate.swift */ = {isa = PBXFileReference; lastKnownFileType = sourcecode.swift; path = AppDelegate.swift; sourceTree = "<group>"; };
		7D1449991EA2FC0F0068C597 /* WelcomeViewController.swift */ = {isa = PBXFileReference; lastKnownFileType = sourcecode.swift; path = WelcomeViewController.swift; sourceTree = "<group>"; };
		7D14499C1EA2FC0F0068C597 /* Base */ = {isa = PBXFileReference; lastKnownFileType = file.storyboard; name = Base; path = Base.lproj/Main.storyboard; sourceTree = "<group>"; };
		7D14499F1EA2FC0F0068C597 /* OfferCity.xcdatamodel */ = {isa = PBXFileReference; lastKnownFileType = wrapper.xcdatamodel; path = OfferCity.xcdatamodel; sourceTree = "<group>"; };
		7D1449A11EA2FC0F0068C597 /* Assets.xcassets */ = {isa = PBXFileReference; lastKnownFileType = folder.assetcatalog; path = Assets.xcassets; sourceTree = "<group>"; };
		7D1449A41EA2FC0F0068C597 /* Base */ = {isa = PBXFileReference; lastKnownFileType = file.storyboard; name = Base; path = Base.lproj/LaunchScreen.storyboard; sourceTree = "<group>"; };
		7D1449A61EA2FC0F0068C597 /* Info.plist */ = {isa = PBXFileReference; lastKnownFileType = text.plist.xml; path = Info.plist; sourceTree = "<group>"; };
		7D9219361EA4275B006C6976 /* GoogleService-Info.plist */ = {isa = PBXFileReference; fileEncoding = 4; lastKnownFileType = text.plist.xml; path = "GoogleService-Info.plist"; sourceTree = "<group>"; };
		7D9219381EA428BC006C6976 /* MapaViewController.swift */ = {isa = PBXFileReference; fileEncoding = 4; lastKnownFileType = sourcecode.swift; path = MapaViewController.swift; sourceTree = "<group>"; };
		7D9219391EA428BC006C6976 /* PerfilViewController.swift */ = {isa = PBXFileReference; fileEncoding = 4; lastKnownFileType = sourcecode.swift; path = PerfilViewController.swift; sourceTree = "<group>"; };
		7D92193A1EA428BC006C6976 /* Places.swift */ = {isa = PBXFileReference; fileEncoding = 4; lastKnownFileType = sourcecode.swift; path = Places.swift; sourceTree = "<group>"; };
		7D92193B1EA428BC006C6976 /* PreferenciasViewController.swift */ = {isa = PBXFileReference; fileEncoding = 4; lastKnownFileType = sourcecode.swift; path = PreferenciasViewController.swift; sourceTree = "<group>"; };
		7D92193C1EA428BC006C6976 /* RestConnection.swift */ = {isa = PBXFileReference; fileEncoding = 4; lastKnownFileType = sourcecode.swift; path = RestConnection.swift; sourceTree = "<group>"; };
		7D92193D1EA428BC006C6976 /* RestService.swift */ = {isa = PBXFileReference; fileEncoding = 4; lastKnownFileType = sourcecode.swift; path = RestService.swift; sourceTree = "<group>"; };
		7D92193E1EA428BC006C6976 /* ShortProfileResponse.swift */ = {isa = PBXFileReference; fileEncoding = 4; lastKnownFileType = sourcecode.swift; path = ShortProfileResponse.swift; sourceTree = "<group>"; };
		7DA948811ECA67C000287356 /* SettingsDAO.swift */ = {isa = PBXFileReference; fileEncoding = 4; lastKnownFileType = sourcecode.swift; path = SettingsDAO.swift; sourceTree = "<group>"; };
		904801B63E040080B7AADE64 /* Pods_OfferCity.framework */ = {isa = PBXFileReference; explicitFileType = wrapper.framework; includeInIndex = 0; path = Pods_OfferCity.framework; sourceTree = BUILT_PRODUCTS_DIR; };
		C757453FFCFAC126F68E64A1 /* Pods-OfferCity.debug.xcconfig */ = {isa = PBXFileReference; includeInIndex = 1; lastKnownFileType = text.xcconfig; name = "Pods-OfferCity.debug.xcconfig"; path = "Pods/Target Support Files/Pods-OfferCity/Pods-OfferCity.debug.xcconfig"; sourceTree = "<group>"; };
/* End PBXFileReference section */

/* Begin PBXFrameworksBuildPhase section */
		7D1449911EA2FC0F0068C597 /* Frameworks */ = {
			isa = PBXFrameworksBuildPhase;
			buildActionMask = 2147483647;
			files = (
				EDC5F3814B2FBD50A1A76DB2 /* Pods_OfferCity.framework in Frameworks */,
			);
			runOnlyForDeploymentPostprocessing = 0;
		};
/* End PBXFrameworksBuildPhase section */

/* Begin PBXGroup section */
		3687A023E0389B83F748C89F /* Pods */ = {
			isa = PBXGroup;
			children = (
				C757453FFCFAC126F68E64A1 /* Pods-OfferCity.debug.xcconfig */,
				10C5E5E56F89F66B89BB007A /* Pods-OfferCity.release.xcconfig */,
			);
			name = Pods;
			sourceTree = "<group>";
		};
		3C2A4AA41ECCE23A007D279D /* Detallada */ = {
			isa = PBXGroup;
			children = (
				3C2A4AA21ECCE232007D279D /* DetalladaAcercaViewController.swift */,
				3C2A4AA51ECCE895007D279D /* Cells */,
			);
			name = Detallada;
			sourceTree = "<group>";
		};
		3C2A4AA51ECCE895007D279D /* Cells */ = {
			isa = PBXGroup;
			children = (
				3C7D05511ECE3172005B3874 /* Rating */,
				3C7D05541ECE4A92005B3874 /* CheckIn */,
				3C2A4AA91ECCE8AC007D279D /* VDDescripcionTableViewCell.swift */,
				3C2A4AAA1ECCE8AC007D279D /* VDTelefonoTableViewCell.swift */,
				3C2A4AAB1ECCE8AC007D279D /* VDHoraTableViewCell.swift */,
				3C2A4AAC1ECCE8AC007D279D /* VDBotonesTableViewCell.swift */,
				3CCA5B7B1ECEAD8500A6AE42 /* RedeSociales */,
				3C2A4AAE1ECCE8AC007D279D /* VDMapaTableViewCell.swift */,
			);
			name = Cells;
			sourceTree = "<group>";
		};
		3C32B81E1EC4DB2200AE78E0 /* Servicios */ = {
			isa = PBXGroup;
			children = (
				3C32B8131EC4CB5800AE78E0 /* Url.swift */,
				3C32B8151EC4CDD300AE78E0 /* Token.swift */,
				3C32B81A1EC4D79900AE78E0 /* Params.swift */,
				3C32B8171EC4D3D300AE78E0 /* Headers.swift */,
				3C32B81C1EC4DA8C00AE78E0 /* Encoding.swift */,
			);
			name = Servicios;
			sourceTree = "<group>";
		};
		3C32B8401EC50AD200AE78E0 /* Conexion */ = {
			isa = PBXGroup;
			children = (
				3C32B8411EC50AF200AE78E0 /* Reachability.swift */,
			);
			name = Conexion;
			sourceTree = "<group>";
		};
		3C3E4D601EB822830052D4B6 /* Model */ = {
			isa = PBXGroup;
			children = (
				3CB7826F1EC24B2C0023991E /* CoreData */,
				3CB7826E1EC24A9E0023991E /* InfoPlist */,
				3C3E4D631EB822EA0052D4B6 /* Firebase */,
				7D9219471EA42922006C6976 /* Connection */,
			);
			name = Model;
			sourceTree = "<group>";
		};
		3C3E4D611EB8228A0052D4B6 /* View */ = {
			isa = PBXGroup;
			children = (
				7D14499B1EA2FC0F0068C597 /* Main.storyboard */,
				3CCA5B821ECEC43100A6AE42 /* BorrarViewController.swift */,
				7D1449A11EA2FC0F0068C597 /* Assets.xcassets */,
				7D1449A31EA2FC0F0068C597 /* LaunchScreen.storyboard */,
			);
			name = View;
			sourceTree = "<group>";
		};
		3C3E4D621EB822920052D4B6 /* Controller */ = {
			isa = PBXGroup;
			children = (
				3C3E4D641EB8244F0052D4B6 /* LogIn */,
				7D9219461EA428DB006C6976 /* TabController */,
			);
			name = Controller;
			sourceTree = "<group>";
		};
		3C3E4D631EB822EA0052D4B6 /* Firebase */ = {
			isa = PBXGroup;
			children = (
				7D9219361EA4275B006C6976 /* GoogleService-Info.plist */,
			);
			name = Firebase;
			sourceTree = "<group>";
		};
		3C3E4D641EB8244F0052D4B6 /* LogIn */ = {
			isa = PBXGroup;
			children = (
				7D1449991EA2FC0F0068C597 /* WelcomeViewController.swift */,
				7D92193B1EA428BC006C6976 /* PreferenciasViewController.swift */,
			);
			name = LogIn;
			sourceTree = "<group>";
		};
		3C3E4D671EB825EA0052D4B6 /* Slides */ = {
			isa = PBXGroup;
			children = (
				3CB782701EC25FE80023991E /* Cercadeti */,
				3CB782711EC25FF20023991E /* Eventos */,
				3CB782721EC25FFB0023991E /* Promociones */,
			);
			name = Slides;
			sourceTree = "<group>";
		};
		3C7D05511ECE3172005B3874 /* Rating */ = {
			isa = PBXGroup;
			children = (
				3C2A4AA71ECCE8AC007D279D /* VDRatingTableViewCell.swift */,
				3C7D05521ECE3196005B3874 /* FloatRatingView.swift */,
			);
			name = Rating;
			sourceTree = "<group>";
		};
		3C7D05541ECE4A92005B3874 /* CheckIn */ = {
			isa = PBXGroup;
			children = (
				3C2A4AA81ECCE8AC007D279D /* VDCheckInTableViewCell.swift */,
			);
			name = CheckIn;
			sourceTree = "<group>";
		};
		3CB7826D1EC24A830023991E /* Singleton */ = {
			isa = PBXGroup;
			children = (
				7D1449971EA2FC0F0068C597 /* AppDelegate.swift */,
				3C32B81E1EC4DB2200AE78E0 /* Servicios */,
				3C32B8401EC50AD200AE78E0 /* Conexion */,
				3C32B8461EC5296F00AE78E0 /* DownloadImage.swift */,
			);
			name = Singleton;
			sourceTree = "<group>";
		};
		3CB7826E1EC24A9E0023991E /* InfoPlist */ = {
			isa = PBXGroup;
			children = (
				7D1449A61EA2FC0F0068C597 /* Info.plist */,
			);
			name = InfoPlist;
			sourceTree = "<group>";
		};
		3CB7826F1EC24B2C0023991E /* CoreData */ = {
			isa = PBXGroup;
			children = (
				7D14499E1EA2FC0F0068C597 /* OfferCity.xcdatamodeld */,
				7DA948811ECA67C000287356 /* SettingsDAO.swift */,
			);
			name = CoreData;
			sourceTree = "<group>";
		};
		3CB782701EC25FE80023991E /* Cercadeti */ = {
			isa = PBXGroup;
			children = (
				3C3E4D681EB8260F0052D4B6 /* CercadetiViewController.swift */,
				3CB782761EC260B50023991E /* CercadetiCollectionViewCell.swift */,
				3C2A4AA41ECCE23A007D279D /* Detallada */,
			);
			name = Cercadeti;
			sourceTree = "<group>";
		};
		3CB782711EC25FF20023991E /* Eventos */ = {
			isa = PBXGroup;
			children = (
				3C3E4D6A1EB8261C0052D4B6 /* EventosViewController.swift */,
				3CEDE0811ECF8BEA003C3716 /* EventosCollectionViewCell.swift */,
			);
			name = Eventos;
			sourceTree = "<group>";
		};
		3CB782721EC25FFB0023991E /* Promociones */ = {
			isa = PBXGroup;
			children = (
				3C3E4D6D1EB826320052D4B6 /* PromocionesViewController.swift */,
				3CEDE0831ECFA9AC003C3716 /* PromosCollectionViewCell.swift */,
			);
			name = Promociones;
			sourceTree = "<group>";
		};
		3CB782731EC260110023991E /* Perfil */ = {
			isa = PBXGroup;
			children = (
				7D0330A31ECC7B4900D46CCA /* FXBlurView.h */,
				7D0330A41ECC7B4900D46CCA /* FXBlurView.m */,
				7D0330A81ECC7B7C00D46CCA /* CustomHeaderSectionTableViewCell.swift */,
				7D0330A61ECC7B5B00D46CCA /* AvatarImageView.swift */,
				7D0330AA1ECC7B9800D46CCA /* CustomImageTableViewCell.swift */,
				7D9219391EA428BC006C6976 /* PerfilViewController.swift */,
				7D0330A21ECC7B4800D46CCA /* OfferCity-Bridging-Header.h */,
			);
			name = Perfil;
			sourceTree = "<group>";
		};
		3CB782741EC2601C0023991E /* Mapas */ = {
			isa = PBXGroup;
			children = (
				7D9219381EA428BC006C6976 /* MapaViewController.swift */,
			);
			name = Mapas;
			sourceTree = "<group>";
		};
		3CB782751EC2604B0023991E /* Home */ = {
			isa = PBXGroup;
			children = (
				3C3E4D651EB824B50052D4B6 /* InicioViewController.swift */,
				3C3E4D671EB825EA0052D4B6 /* Slides */,
			);
			name = Home;
			sourceTree = "<group>";
		};
		3CCA5B7B1ECEAD8500A6AE42 /* RedeSociales */ = {
			isa = PBXGroup;
			children = (
				3C2A4AAF1ECCE8AC007D279D /* VDRedesTableViewCell.swift */,
				3CCA5B7C1ECEADCD00A6AE42 /* VDRedes2TableViewCell.swift */,
				3CCA5B7E1ECEADE400A6AE42 /* VDRedes3TableViewCell.swift */,
				3CCA5B801ECEADF000A6AE42 /* VDRedes4TableViewCell.swift */,
			);
			name = RedeSociales;
			sourceTree = "<group>";
		};
		7BD7666BB43E8D09519E36B7 /* Frameworks */ = {
			isa = PBXGroup;
			children = (
				904801B63E040080B7AADE64 /* Pods_OfferCity.framework */,
			);
			name = Frameworks;
			sourceTree = "<group>";
		};
		7D14498B1EA2FC0F0068C597 = {
			isa = PBXGroup;
			children = (
				7D1449961EA2FC0F0068C597 /* OfferCity */,
				7D1449951EA2FC0F0068C597 /* Products */,
				3687A023E0389B83F748C89F /* Pods */,
				7BD7666BB43E8D09519E36B7 /* Frameworks */,
			);
			sourceTree = "<group>";
		};
		7D1449951EA2FC0F0068C597 /* Products */ = {
			isa = PBXGroup;
			children = (
				7D1449941EA2FC0F0068C597 /* OfferCity.app */,
			);
			name = Products;
			sourceTree = "<group>";
		};
		7D1449961EA2FC0F0068C597 /* OfferCity */ = {
			isa = PBXGroup;
			children = (
				3CB7826D1EC24A830023991E /* Singleton */,
				3C3E4D601EB822830052D4B6 /* Model */,
				3C3E4D611EB8228A0052D4B6 /* View */,
				3C3E4D621EB822920052D4B6 /* Controller */,
			);
			path = OfferCity;
			sourceTree = "<group>";
		};
		7D9219461EA428DB006C6976 /* TabController */ = {
			isa = PBXGroup;
			children = (
				7D0330A01ECC68B300D46CCA /* TabBarPrincipalController.swift */,
				3CB782751EC2604B0023991E /* Home */,
				3CB782731EC260110023991E /* Perfil */,
				3CB782741EC2601C0023991E /* Mapas */,
			);
			name = TabController;
			sourceTree = "<group>";
		};
		7D9219471EA42922006C6976 /* Connection */ = {
			isa = PBXGroup;
			children = (
				7D92193C1EA428BC006C6976 /* RestConnection.swift */,
				7D92193D1EA428BC006C6976 /* RestService.swift */,
				7D9219491EA42970006C6976 /* Request */,
				7D9219481EA42960006C6976 /* Response */,
			);
			name = Connection;
			sourceTree = "<group>";
		};
		7D9219481EA42960006C6976 /* Response */ = {
			isa = PBXGroup;
			children = (
				7D92193E1EA428BC006C6976 /* ShortProfileResponse.swift */,
				7D92193A1EA428BC006C6976 /* Places.swift */,
			);
			name = Response;
			sourceTree = "<group>";
		};
		7D9219491EA42970006C6976 /* Request */ = {
			isa = PBXGroup;
			children = (
			);
			name = Request;
			sourceTree = "<group>";
		};
/* End PBXGroup section */

/* Begin PBXNativeTarget section */
		7D1449931EA2FC0F0068C597 /* OfferCity */ = {
			isa = PBXNativeTarget;
			buildConfigurationList = 7D1449A91EA2FC0F0068C597 /* Build configuration list for PBXNativeTarget "OfferCity" */;
			buildPhases = (
				34484D4D64C88871B2994F9C /* [CP] Check Pods Manifest.lock */,
				7D1449901EA2FC0F0068C597 /* Sources */,
				7D1449911EA2FC0F0068C597 /* Frameworks */,
				7D1449921EA2FC0F0068C597 /* Resources */,
				57FD0A65C76A716C592247DD /* [CP] Embed Pods Frameworks */,
				3A0E739F012D3878678AC227 /* [CP] Copy Pods Resources */,
			);
			buildRules = (
			);
			dependencies = (
			);
			name = OfferCity;
			productName = OfferCity;
			productReference = 7D1449941EA2FC0F0068C597 /* OfferCity.app */;
			productType = "com.apple.product-type.application";
		};
/* End PBXNativeTarget section */

/* Begin PBXProject section */
		7D14498C1EA2FC0F0068C597 /* Project object */ = {
			isa = PBXProject;
			attributes = {
				LastSwiftUpdateCheck = 0820;
				LastUpgradeCheck = 0820;
				ORGANIZATIONNAME = "Miguel Mexicano Herrera";
				TargetAttributes = {
					7D1449931EA2FC0F0068C597 = {
						CreatedOnToolsVersion = 8.2.1;
						DevelopmentTeam = MC2W678MVZ;
						LastSwiftMigration = 0830;
						ProvisioningStyle = Automatic;
					};
				};
			};
			buildConfigurationList = 7D14498F1EA2FC0F0068C597 /* Build configuration list for PBXProject "OfferCity" */;
			compatibilityVersion = "Xcode 3.2";
			developmentRegion = English;
			hasScannedForEncodings = 0;
			knownRegions = (
				en,
				Base,
			);
			mainGroup = 7D14498B1EA2FC0F0068C597;
			productRefGroup = 7D1449951EA2FC0F0068C597 /* Products */;
			projectDirPath = "";
			projectRoot = "";
			targets = (
				7D1449931EA2FC0F0068C597 /* OfferCity */,
			);
		};
/* End PBXProject section */

/* Begin PBXResourcesBuildPhase section */
		7D1449921EA2FC0F0068C597 /* Resources */ = {
			isa = PBXResourcesBuildPhase;
			buildActionMask = 2147483647;
			files = (
				7D1449A51EA2FC0F0068C597 /* LaunchScreen.storyboard in Resources */,
				7D1449A21EA2FC0F0068C597 /* Assets.xcassets in Resources */,
				7D9219371EA4275B006C6976 /* GoogleService-Info.plist in Resources */,
				7D14499D1EA2FC0F0068C597 /* Main.storyboard in Resources */,
			);
			runOnlyForDeploymentPostprocessing = 0;
		};
/* End PBXResourcesBuildPhase section */

/* Begin PBXShellScriptBuildPhase section */
		34484D4D64C88871B2994F9C /* [CP] Check Pods Manifest.lock */ = {
			isa = PBXShellScriptBuildPhase;
			buildActionMask = 2147483647;
			files = (
			);
			inputPaths = (
			);
			name = "[CP] Check Pods Manifest.lock";
			outputPaths = (
			);
			runOnlyForDeploymentPostprocessing = 0;
			shellPath = /bin/sh;
			shellScript = "diff \"${PODS_ROOT}/../Podfile.lock\" \"${PODS_ROOT}/Manifest.lock\" > /dev/null\nif [ $? != 0 ] ; then\n    # print error to STDERR\n    echo \"error: The sandbox is not in sync with the Podfile.lock. Run 'pod install' or update your CocoaPods installation.\" >&2\n    exit 1\nfi\n";
			showEnvVarsInLog = 0;
		};
		3A0E739F012D3878678AC227 /* [CP] Copy Pods Resources */ = {
			isa = PBXShellScriptBuildPhase;
			buildActionMask = 2147483647;
			files = (
			);
			inputPaths = (
			);
			name = "[CP] Copy Pods Resources";
			outputPaths = (
			);
			runOnlyForDeploymentPostprocessing = 0;
			shellPath = /bin/sh;
			shellScript = "\"${SRCROOT}/Pods/Target Support Files/Pods-OfferCity/Pods-OfferCity-resources.sh\"\n";
			showEnvVarsInLog = 0;
		};
		57FD0A65C76A716C592247DD /* [CP] Embed Pods Frameworks */ = {
			isa = PBXShellScriptBuildPhase;
			buildActionMask = 2147483647;
			files = (
			);
			inputPaths = (
			);
			name = "[CP] Embed Pods Frameworks";
			outputPaths = (
			);
			runOnlyForDeploymentPostprocessing = 0;
			shellPath = /bin/sh;
			shellScript = "\"${SRCROOT}/Pods/Target Support Files/Pods-OfferCity/Pods-OfferCity-frameworks.sh\"\n";
			showEnvVarsInLog = 0;
		};
/* End PBXShellScriptBuildPhase section */

/* Begin PBXSourcesBuildPhase section */
		7D1449901EA2FC0F0068C597 /* Sources */ = {
			isa = PBXSourcesBuildPhase;
			buildActionMask = 2147483647;
			files = (
				3CEDE0841ECFA9AC003C3716 /* PromosCollectionViewCell.swift in Sources */,
				7D9219421EA428BC006C6976 /* PreferenciasViewController.swift in Sources */,
				3C2A4AB61ECCE8AC007D279D /* VDHoraTableViewCell.swift in Sources */,
				3CCA5B831ECEC43100A6AE42 /* BorrarViewController.swift in Sources */,
				3C2A4AB71ECCE8AC007D279D /* VDBotonesTableViewCell.swift in Sources */,
				3C3E4D6E1EB826320052D4B6 /* PromocionesViewController.swift in Sources */,
				3C32B81B1EC4D79900AE78E0 /* Params.swift in Sources */,
				3C2A4AB21ECCE8AC007D279D /* VDRatingTableViewCell.swift in Sources */,
				3C32B8181EC4D3D300AE78E0 /* Headers.swift in Sources */,
				7D9219451EA428BC006C6976 /* ShortProfileResponse.swift in Sources */,
				7D0330A91ECC7B7C00D46CCA /* CustomHeaderSectionTableViewCell.swift in Sources */,
				7D14499A1EA2FC0F0068C597 /* WelcomeViewController.swift in Sources */,
				3CEDE0821ECF8BEA003C3716 /* EventosCollectionViewCell.swift in Sources */,
				7D9219441EA428BC006C6976 /* RestService.swift in Sources */,
				3C2A4AB31ECCE8AC007D279D /* VDCheckInTableViewCell.swift in Sources */,
				7D92193F1EA428BC006C6976 /* MapaViewController.swift in Sources */,
				7D1449A01EA2FC0F0068C597 /* OfferCity.xcdatamodeld in Sources */,
				3C32B8471EC5296F00AE78E0 /* DownloadImage.swift in Sources */,
				7D1449981EA2FC0F0068C597 /* AppDelegate.swift in Sources */,
				3C3E4D6B1EB8261C0052D4B6 /* EventosViewController.swift in Sources */,
				7D0330A51ECC7B4900D46CCA /* FXBlurView.m in Sources */,
				7D0330A11ECC68B300D46CCA /* TabBarPrincipalController.swift in Sources */,
				3CCA5B811ECEADF000A6AE42 /* VDRedes4TableViewCell.swift in Sources */,
				3C2A4ABA1ECCE8AC007D279D /* VDRedesTableViewCell.swift in Sources */,
				3C3E4D661EB824B50052D4B6 /* InicioViewController.swift in Sources */,
				7D9219431EA428BC006C6976 /* RestConnection.swift in Sources */,
				7D9219401EA428BC006C6976 /* PerfilViewController.swift in Sources */,
				3CCA5B7D1ECEADCD00A6AE42 /* VDRedes2TableViewCell.swift in Sources */,
				7D0330AB1ECC7B9800D46CCA /* CustomImageTableViewCell.swift in Sources */,
				3C2A4AB41ECCE8AC007D279D /* VDDescripcionTableViewCell.swift in Sources */,
				3C2A4AB51ECCE8AC007D279D /* VDTelefonoTableViewCell.swift in Sources */,
				7DA948821ECA67C000287356 /* SettingsDAO.swift in Sources */,
				3C32B8421EC50AF200AE78E0 /* Reachability.swift in Sources */,
				3CB782771EC260B50023991E /* CercadetiCollectionViewCell.swift in Sources */,
				3C2A4AA31ECCE232007D279D /* DetalladaAcercaViewController.swift in Sources */,
				3C32B8141EC4CB5800AE78E0 /* Url.swift in Sources */,
				3C2A4AB91ECCE8AC007D279D /* VDMapaTableViewCell.swift in Sources */,
				3CCA5B7F1ECEADE400A6AE42 /* VDRedes3TableViewCell.swift in Sources */,
				3C32B81D1EC4DA8C00AE78E0 /* Encoding.swift in Sources */,
				7D9219411EA428BC006C6976 /* Places.swift in Sources */,
				3C32B8161EC4CDD300AE78E0 /* Token.swift in Sources */,
				3C3E4D691EB8260F0052D4B6 /* CercadetiViewController.swift in Sources */,
				3C7D05531ECE3196005B3874 /* FloatRatingView.swift in Sources */,
				7D0330A71ECC7B5B00D46CCA /* AvatarImageView.swift in Sources */,
			);
			runOnlyForDeploymentPostprocessing = 0;
		};
/* End PBXSourcesBuildPhase section */

/* Begin PBXVariantGroup section */
		7D14499B1EA2FC0F0068C597 /* Main.storyboard */ = {
			isa = PBXVariantGroup;
			children = (
				7D14499C1EA2FC0F0068C597 /* Base */,
			);
			name = Main.storyboard;
			sourceTree = "<group>";
		};
		7D1449A31EA2FC0F0068C597 /* LaunchScreen.storyboard */ = {
			isa = PBXVariantGroup;
			children = (
				7D1449A41EA2FC0F0068C597 /* Base */,
			);
			name = LaunchScreen.storyboard;
			sourceTree = "<group>";
		};
/* End PBXVariantGroup section */

/* Begin XCBuildConfiguration section */
		7D1449A71EA2FC0F0068C597 /* Debug */ = {
			isa = XCBuildConfiguration;
			buildSettings = {
				ALWAYS_SEARCH_USER_PATHS = NO;
				CLANG_ANALYZER_NONNULL = YES;
				CLANG_CXX_LANGUAGE_STANDARD = "gnu++0x";
				CLANG_CXX_LIBRARY = "libc++";
				CLANG_ENABLE_MODULES = YES;
				CLANG_ENABLE_OBJC_ARC = YES;
				CLANG_WARN_BOOL_CONVERSION = YES;
				CLANG_WARN_CONSTANT_CONVERSION = YES;
				CLANG_WARN_DIRECT_OBJC_ISA_USAGE = YES_ERROR;
				CLANG_WARN_DOCUMENTATION_COMMENTS = YES;
				CLANG_WARN_EMPTY_BODY = YES;
				CLANG_WARN_ENUM_CONVERSION = YES;
				CLANG_WARN_INFINITE_RECURSION = YES;
				CLANG_WARN_INT_CONVERSION = YES;
				CLANG_WARN_OBJC_ROOT_CLASS = YES_ERROR;
				CLANG_WARN_SUSPICIOUS_MOVE = YES;
				CLANG_WARN_UNREACHABLE_CODE = YES;
				CLANG_WARN__DUPLICATE_METHOD_MATCH = YES;
				"CODE_SIGN_IDENTITY[sdk=iphoneos*]" = "iPhone Developer";
				COPY_PHASE_STRIP = NO;
				DEBUG_INFORMATION_FORMAT = dwarf;
				ENABLE_STRICT_OBJC_MSGSEND = YES;
				ENABLE_TESTABILITY = YES;
				GCC_C_LANGUAGE_STANDARD = gnu99;
				GCC_DYNAMIC_NO_PIC = NO;
				GCC_NO_COMMON_BLOCKS = YES;
				GCC_OPTIMIZATION_LEVEL = 0;
				GCC_PREPROCESSOR_DEFINITIONS = (
					"DEBUG=1",
					"$(inherited)",
				);
				GCC_WARN_64_TO_32_BIT_CONVERSION = YES;
				GCC_WARN_ABOUT_RETURN_TYPE = YES_ERROR;
				GCC_WARN_UNDECLARED_SELECTOR = YES;
				GCC_WARN_UNINITIALIZED_AUTOS = YES_AGGRESSIVE;
				GCC_WARN_UNUSED_FUNCTION = YES;
				GCC_WARN_UNUSED_VARIABLE = YES;
				IPHONEOS_DEPLOYMENT_TARGET = 10.2;
				MTL_ENABLE_DEBUG_INFO = YES;
				ONLY_ACTIVE_ARCH = YES;
				SDKROOT = iphoneos;
				SWIFT_ACTIVE_COMPILATION_CONDITIONS = DEBUG;
				SWIFT_OPTIMIZATION_LEVEL = "-Onone";
				TARGETED_DEVICE_FAMILY = "1,2";
			};
			name = Debug;
		};
		7D1449A81EA2FC0F0068C597 /* Release */ = {
			isa = XCBuildConfiguration;
			buildSettings = {
				ALWAYS_SEARCH_USER_PATHS = NO;
				CLANG_ANALYZER_NONNULL = YES;
				CLANG_CXX_LANGUAGE_STANDARD = "gnu++0x";
				CLANG_CXX_LIBRARY = "libc++";
				CLANG_ENABLE_MODULES = YES;
				CLANG_ENABLE_OBJC_ARC = YES;
				CLANG_WARN_BOOL_CONVERSION = YES;
				CLANG_WARN_CONSTANT_CONVERSION = YES;
				CLANG_WARN_DIRECT_OBJC_ISA_USAGE = YES_ERROR;
				CLANG_WARN_DOCUMENTATION_COMMENTS = YES;
				CLANG_WARN_EMPTY_BODY = YES;
				CLANG_WARN_ENUM_CONVERSION = YES;
				CLANG_WARN_INFINITE_RECURSION = YES;
				CLANG_WARN_INT_CONVERSION = YES;
				CLANG_WARN_OBJC_ROOT_CLASS = YES_ERROR;
				CLANG_WARN_SUSPICIOUS_MOVE = YES;
				CLANG_WARN_UNREACHABLE_CODE = YES;
				CLANG_WARN__DUPLICATE_METHOD_MATCH = YES;
				"CODE_SIGN_IDENTITY[sdk=iphoneos*]" = "iPhone Developer";
				COPY_PHASE_STRIP = NO;
				DEBUG_INFORMATION_FORMAT = "dwarf-with-dsym";
				ENABLE_NS_ASSERTIONS = NO;
				ENABLE_STRICT_OBJC_MSGSEND = YES;
				GCC_C_LANGUAGE_STANDARD = gnu99;
				GCC_NO_COMMON_BLOCKS = YES;
				GCC_WARN_64_TO_32_BIT_CONVERSION = YES;
				GCC_WARN_ABOUT_RETURN_TYPE = YES_ERROR;
				GCC_WARN_UNDECLARED_SELECTOR = YES;
				GCC_WARN_UNINITIALIZED_AUTOS = YES_AGGRESSIVE;
				GCC_WARN_UNUSED_FUNCTION = YES;
				GCC_WARN_UNUSED_VARIABLE = YES;
				IPHONEOS_DEPLOYMENT_TARGET = 10.2;
				MTL_ENABLE_DEBUG_INFO = NO;
				SDKROOT = iphoneos;
				SWIFT_OPTIMIZATION_LEVEL = "-Owholemodule";
				TARGETED_DEVICE_FAMILY = "1,2";
				VALIDATE_PRODUCT = YES;
			};
			name = Release;
		};
		7D1449AA1EA2FC0F0068C597 /* Debug */ = {
			isa = XCBuildConfiguration;
			baseConfigurationReference = C757453FFCFAC126F68E64A1 /* Pods-OfferCity.debug.xcconfig */;
			buildSettings = {
				ASSETCATALOG_COMPILER_APPICON_NAME = AppIcon;
				CLANG_ENABLE_MODULES = YES;
				DEVELOPMENT_TEAM = MC2W678MVZ;
				INFOPLIST_FILE = OfferCity/Info.plist;
				LD_RUNPATH_SEARCH_PATHS = "$(inherited) @executable_path/Frameworks";
				PRODUCT_BUNDLE_IDENTIFIER = mx.com.nut.OfferCity;
				PRODUCT_NAME = "$(TARGET_NAME)";
				SWIFT_OBJC_BRIDGING_HEADER = "OfferCity/OfferCity-Bridging-Header.h";
				SWIFT_OPTIMIZATION_LEVEL = "-Onone";
				SWIFT_VERSION = 3.0;
			};
			name = Debug;
		};
		7D1449AB1EA2FC0F0068C597 /* Release */ = {
			isa = XCBuildConfiguration;
			baseConfigurationReference = 10C5E5E56F89F66B89BB007A /* Pods-OfferCity.release.xcconfig */;
			buildSettings = {
				ASSETCATALOG_COMPILER_APPICON_NAME = AppIcon;
				CLANG_ENABLE_MODULES = YES;
				DEVELOPMENT_TEAM = MC2W678MVZ;
				INFOPLIST_FILE = OfferCity/Info.plist;
				LD_RUNPATH_SEARCH_PATHS = "$(inherited) @executable_path/Frameworks";
				PRODUCT_BUNDLE_IDENTIFIER = mx.com.nut.OfferCity;
				PRODUCT_NAME = "$(TARGET_NAME)";
				SWIFT_OBJC_BRIDGING_HEADER = "OfferCity/OfferCity-Bridging-Header.h";
				SWIFT_VERSION = 3.0;
			};
			name = Release;
		};
/* End XCBuildConfiguration section */

/* Begin XCConfigurationList section */
		7D14498F1EA2FC0F0068C597 /* Build configuration list for PBXProject "OfferCity" */ = {
			isa = XCConfigurationList;
			buildConfigurations = (
				7D1449A71EA2FC0F0068C597 /* Debug */,
				7D1449A81EA2FC0F0068C597 /* Release */,
			);
			defaultConfigurationIsVisible = 0;
			defaultConfigurationName = Release;
		};
		7D1449A91EA2FC0F0068C597 /* Build configuration list for PBXNativeTarget "OfferCity" */ = {
			isa = XCConfigurationList;
			buildConfigurations = (
				7D1449AA1EA2FC0F0068C597 /* Debug */,
				7D1449AB1EA2FC0F0068C597 /* Release */,
			);
			defaultConfigurationIsVisible = 0;
			defaultConfigurationName = Release;
		};
/* End XCConfigurationList section */

/* Begin XCVersionGroup section */
		7D14499E1EA2FC0F0068C597 /* OfferCity.xcdatamodeld */ = {
			isa = XCVersionGroup;
			children = (
				7D14499F1EA2FC0F0068C597 /* OfferCity.xcdatamodel */,
			);
			currentVersion = 7D14499F1EA2FC0F0068C597 /* OfferCity.xcdatamodel */;
			path = OfferCity.xcdatamodeld;
			sourceTree = "<group>";
			versionGroupType = wrapper.xcdatamodel;
		};
/* End XCVersionGroup section */
	};
	rootObject = 7D14498C1EA2FC0F0068C597 /* Project object */;
}
